
Microsoft Visual Studio Solution File, Format Version 12.00
# Visual Studio Version 16
VisualStudioVersion = 16.0.33214.272
MinimumVisualStudioVersion = 10.0.40219.1
Project("{9A19103F-16F7-4668-BE54-9A1E7A4F7556}") = "Mission09_trev3law", "Mission09_trev3law\Mission09_trev3law.csproj", "{F675D372-BA8C-43A1-826B-5D69CBE1A63D}"
EndProject
Global
	GlobalSection(SolutionConfigurationPlatforms) = preSolution
		Debug|Any CPU = Debug|Any CPU
		Release|Any CPU = Release|Any CPU
	EndGlobalSection
	GlobalSection(ProjectConfigurationPlatforms) = postSolution
		{F675D372-BA8C-43A1-826B-5D69CBE1A63D}.Debug|Any CPU.ActiveCfg = Debug|Any CPU
		{F675D372-BA8C-43A1-826B-5D69CBE1A63D}.Debug|Any CPU.Build.0 = Debug|Any CPU
		{F675D372-BA8C-43A1-826B-5D69CBE1A63D}.Release|Any CPU.ActiveCfg = Release|Any CPU
		{F675D372-BA8C-43A1-826B-5D69CBE1A63D}.Release|Any CPU.Build.0 = Release|Any CPU
	EndGlobalSection
	GlobalSection(SolutionProperties) = preSolution
		HideSolutionNode = FALSE
	EndGlobalSection
	GlobalSection(ExtensibilityGlobals) = postSolution
		SolutionGuid = {D627A3CD-926C-4294-9CD0-487EEDE695B8}
	EndGlobalSection
EndGlobal
